
Microsoft Visual Studio Solution File, Format Version 12.00
# Visual Studio Version 17
VisualStudioVersion = 17.2.32519.379
MinimumVisualStudioVersion = 10.0.40219.1
Project("{888888A0-9F3D-457C-B088-3A5042F75D52}") = "GoldAndMonsters", "GoldAndMonsters\GoldAndMonsters.pyproj", "{1769CB59-EDAD-4301-A86D-CE380DB66296}"
EndProject
Global
	GlobalSection(SolutionConfigurationPlatforms) = preSolution
		Debug|Any CPU = Debug|Any CPU
		Release|Any CPU = Release|Any CPU
	EndGlobalSection
	GlobalSection(ProjectConfigurationPlatforms) = postSolution
		{1769CB59-EDAD-4301-A86D-CE380DB66296}.Debug|Any CPU.ActiveCfg = Debug|Any CPU
		{1769CB59-EDAD-4301-A86D-CE380DB66296}.Release|Any CPU.ActiveCfg = Release|Any CPU
	EndGlobalSection
	GlobalSection(SolutionProperties) = preSolution
		HideSolutionNode = FALSE
	EndGlobalSection
	GlobalSection(ExtensibilityGlobals) = postSolution
		SolutionGuid = {5B8000C0-7FCC-4279-A313-5CDD9E71A211}
	EndGlobalSection
EndGlobal
